
Microsoft Visual Studio Solution File, Format Version 12.00
# Visual Studio 14
VisualStudioVersion = 14.0.25123.0
MinimumVisualStudioVersion = 10.0.40219.1
Project("{FAE04EC0-301F-11D3-BF4B-00C04F79EFBC}") = "WidgetSite", "WidgetSite\WidgetSite.csproj", "{524E3F3B-3626-4F57-85C3-23349C64B256}"
EndProject
Project("{FAE04EC0-301F-11D3-BF4B-00C04F79EFBC}") = "WidgetComponents", "WidgetComponents\WidgetComponents.csproj", "{7B022445-9BCD-44E7-B79E-04862A7FEAE0}"
EndProject
Global
	GlobalSection(SolutionConfigurationPlatforms) = preSolution
		Debug|Any CPU = Debug|Any CPU
		Release|Any CPU = Release|Any CPU
	EndGlobalSection
	GlobalSection(ProjectConfigurationPlatforms) = postSolution
		{524E3F3B-3626-4F57-85C3-23349C64B256}.Debug|Any CPU.ActiveCfg = Debug|Any CPU
		{524E3F3B-3626-4F57-85C3-23349C64B256}.Debug|Any CPU.Build.0 = Debug|Any CPU
		{524E3F3B-3626-4F57-85C3-23349C64B256}.Release|Any CPU.ActiveCfg = Release|Any CPU
		{524E3F3B-3626-4F57-85C3-23349C64B256}.Release|Any CPU.Build.0 = Release|Any CPU
		{7B022445-9BCD-44E7-B79E-04862A7FEAE0}.Debug|Any CPU.ActiveCfg = Debug|Any CPU
		{7B022445-9BCD-44E7-B79E-04862A7FEAE0}.Debug|Any CPU.Build.0 = Debug|Any CPU
		{7B022445-9BCD-44E7-B79E-04862A7FEAE0}.Release|Any CPU.ActiveCfg = Release|Any CPU
		{7B022445-9BCD-44E7-B79E-04862A7FEAE0}.Release|Any CPU.Build.0 = Release|Any CPU
	EndGlobalSection
	GlobalSection(SolutionProperties) = preSolution
		HideSolutionNode = FALSE
	EndGlobalSection
EndGlobal
